
Microsoft Visual Studio Solution File, Format Version 12.00
# Visual Studio 15
VisualStudioVersion = 15.0.26730.15
MinimumVisualStudioVersion = 10.0.40219.1
Project("{FAE04EC0-301F-11D3-BF4B-00C04F79EFBC}") = "JenkinsTest", "JenkinsTest\JenkinsTest.csproj", "{E6061516-FF2F-4BCF-96AD-F55730A1CB14}"
EndProject
Global
	GlobalSection(SolutionConfigurationPlatforms) = preSolution
		Debug|Any CPU = Debug|Any CPU
		Release|Any CPU = Release|Any CPU
	EndGlobalSection
	GlobalSection(ProjectConfigurationPlatforms) = postSolution
		{E6061516-FF2F-4BCF-96AD-F55730A1CB14}.Debug|Any CPU.ActiveCfg = Debug|Any CPU
		{E6061516-FF2F-4BCF-96AD-F55730A1CB14}.Debug|Any CPU.Build.0 = Debug|Any CPU
		{E6061516-FF2F-4BCF-96AD-F55730A1CB14}.Release|Any CPU.ActiveCfg = Release|Any CPU
		{E6061516-FF2F-4BCF-96AD-F55730A1CB14}.Release|Any CPU.Build.0 = Release|Any CPU
	EndGlobalSection
	GlobalSection(SolutionProperties) = preSolution
		HideSolutionNode = FALSE
	EndGlobalSection
	GlobalSection(ExtensibilityGlobals) = postSolution
		SolutionGuid = {E31528EB-31EB-48F6-B561-854805E8C5F9}
	EndGlobalSection
EndGlobal
